
Microsoft Visual Studio Solution File, Format Version 12.00
Project("{FAE04EC0-301F-11D3-BF4B-00C04F79EFBC}") = "CommandSanitizationFixes", "CommandSanitizationFixes\CommandSanitizationFixes.csproj", "{21788E34-BB31-457A-9A72-EB8F762ADC33}"
EndProject
Global
	GlobalSection(SolutionConfigurationPlatforms) = preSolution
		Debug|Any CPU = Debug|Any CPU
		Release|Any CPU = Release|Any CPU
	EndGlobalSection
	GlobalSection(ProjectConfigurationPlatforms) = postSolution
		{21788E34-BB31-457A-9A72-EB8F762ADC33}.Debug|Any CPU.ActiveCfg = Debug|Any CPU
		{21788E34-BB31-457A-9A72-EB8F762ADC33}.Debug|Any CPU.Build.0 = Debug|Any CPU
		{21788E34-BB31-457A-9A72-EB8F762ADC33}.Release|Any CPU.ActiveCfg = Release|Any CPU
		{21788E34-BB31-457A-9A72-EB8F762ADC33}.Release|Any CPU.Build.0 = Release|Any CPU
	EndGlobalSection
EndGlobal
